
Microsoft Visual Studio Solution File, Format Version 12.00
# Visual Studio Version 16
VisualStudioVersion = 16.0.31019.35
MinimumVisualStudioVersion = 10.0.40219.1
Project("{FAE04EC0-301F-11D3-BF4B-00C04F79EFBC}") = "LinearRegression", "LinearRegression\LinearRegression.csproj", "{5A4B3AEB-FB1E-4A39-BA74-54C7BE69A105}"
EndProject
Global
	GlobalSection(SolutionConfigurationPlatforms) = preSolution
		Debug|Any CPU = Debug|Any CPU
		Release|Any CPU = Release|Any CPU
	EndGlobalSection
	GlobalSection(ProjectConfigurationPlatforms) = postSolution
		{5A4B3AEB-FB1E-4A39-BA74-54C7BE69A105}.Debug|Any CPU.ActiveCfg = Debug|Any CPU
		{5A4B3AEB-FB1E-4A39-BA74-54C7BE69A105}.Debug|Any CPU.Build.0 = Debug|Any CPU
		{5A4B3AEB-FB1E-4A39-BA74-54C7BE69A105}.Release|Any CPU.ActiveCfg = Release|Any CPU
		{5A4B3AEB-FB1E-4A39-BA74-54C7BE69A105}.Release|Any CPU.Build.0 = Release|Any CPU
	EndGlobalSection
	GlobalSection(SolutionProperties) = preSolution
		HideSolutionNode = FALSE
	EndGlobalSection
	GlobalSection(ExtensibilityGlobals) = postSolution
		SolutionGuid = {85FD8EC0-C972-4B7D-A5EC-F82950DB89BD}
	EndGlobalSection
EndGlobal
